
Microsoft Visual Studio Solution File, Format Version 12.00
# Visual Studio Version 16
VisualStudioVersion = 16.0.30717.126
MinimumVisualStudioVersion = 10.0.40219.1
Project("{FAE04EC0-301F-11D3-BF4B-00C04F79EFBC}") = "Day1", "src\Day1\Day1.csproj", "{C0CF3ACB-DD3F-411E-A3BE-A4D398A44702}"
EndProject
Project("{FAE04EC0-301F-11D3-BF4B-00C04F79EFBC}") = "Day1.Tests", "src\Day1.Tests\Day1.Tests.csproj", "{F08B0621-B3BB-4BF9-AA1E-6DC085036C7D}"
EndProject
Global
	GlobalSection(SolutionConfigurationPlatforms) = preSolution
		Debug|Any CPU = Debug|Any CPU
		Release|Any CPU = Release|Any CPU
	EndGlobalSection
	GlobalSection(ProjectConfigurationPlatforms) = postSolution
		{C0CF3ACB-DD3F-411E-A3BE-A4D398A44702}.Debug|Any CPU.ActiveCfg = Debug|Any CPU
		{C0CF3ACB-DD3F-411E-A3BE-A4D398A44702}.Debug|Any CPU.Build.0 = Debug|Any CPU
		{C0CF3ACB-DD3F-411E-A3BE-A4D398A44702}.Release|Any CPU.ActiveCfg = Release|Any CPU
		{C0CF3ACB-DD3F-411E-A3BE-A4D398A44702}.Release|Any CPU.Build.0 = Release|Any CPU
		{F08B0621-B3BB-4BF9-AA1E-6DC085036C7D}.Debug|Any CPU.ActiveCfg = Debug|Any CPU
		{F08B0621-B3BB-4BF9-AA1E-6DC085036C7D}.Debug|Any CPU.Build.0 = Debug|Any CPU
		{F08B0621-B3BB-4BF9-AA1E-6DC085036C7D}.Release|Any CPU.ActiveCfg = Release|Any CPU
		{F08B0621-B3BB-4BF9-AA1E-6DC085036C7D}.Release|Any CPU.Build.0 = Release|Any CPU
	EndGlobalSection
	GlobalSection(SolutionProperties) = preSolution
		HideSolutionNode = FALSE
	EndGlobalSection
	GlobalSection(ExtensibilityGlobals) = postSolution
		SolutionGuid = {87F09DBD-C1C6-414C-A013-46D92083A8EC}
	EndGlobalSection
EndGlobal
