
Microsoft Visual Studio Solution File, Format Version 12.00
# Visual Studio Version 16
VisualStudioVersion = 16.0.30717.126
MinimumVisualStudioVersion = 10.0.40219.1
Project("{9A19103F-16F7-4668-BE54-9A1E7A4F7556}") = "Day1", "src\Day1\Day1.csproj", "{C0CF3ACB-DD3F-411E-A3BE-A4D398A44702}"
EndProject
Project("{9A19103F-16F7-4668-BE54-9A1E7A4F7556}") = "Day1.Tests", "src\Day1.Tests\Day1.Tests.csproj", "{F08B0621-B3BB-4BF9-AA1E-6DC085036C7D}"
EndProject
Project("{2150E333-8FDC-42A3-9474-1A3956D46DE8}") = "Solution Items", "Solution Items", "{8D502299-F516-4C54-BCA6-7C843D0D7D09}"
	ProjectSection(SolutionItems) = preProject
		README.md = README.md
	EndProjectSection
EndProject
Project("{FAE04EC0-301F-11D3-BF4B-00C04F79EFBC}") = "Day2", "src\Day2\Day2.csproj", "{0B0D653A-809D-437B-8D83-669284D0D685}"
EndProject
Project("{FAE04EC0-301F-11D3-BF4B-00C04F79EFBC}") = "Day2.Tests", "src\Day2.Test\Day2.Tests.csproj", "{EC1248E4-CC13-4AA9-AB05-5AF97979BB9B}"
	ProjectSection(ProjectDependencies) = postProject
		{0B0D653A-809D-437B-8D83-669284D0D685} = {0B0D653A-809D-437B-8D83-669284D0D685}
	EndProjectSection
EndProject
Project("{FAE04EC0-301F-11D3-BF4B-00C04F79EFBC}") = "Day3", "src\Day3\Day3.csproj", "{12DEB3FB-8A1B-4111-93A9-FF1DB266124C}"
EndProject
Project("{FAE04EC0-301F-11D3-BF4B-00C04F79EFBC}") = "Day3.Tests", "src\Day3.Tests\Day3.Tests.csproj", "{999761BC-0B09-4C79-8522-1C4847A0823B}"
EndProject
Global
	GlobalSection(SolutionConfigurationPlatforms) = preSolution
		Debug|Any CPU = Debug|Any CPU
		Release|Any CPU = Release|Any CPU
	EndGlobalSection
	GlobalSection(ProjectConfigurationPlatforms) = postSolution
		{C0CF3ACB-DD3F-411E-A3BE-A4D398A44702}.Debug|Any CPU.ActiveCfg = Debug|Any CPU
		{C0CF3ACB-DD3F-411E-A3BE-A4D398A44702}.Debug|Any CPU.Build.0 = Debug|Any CPU
		{C0CF3ACB-DD3F-411E-A3BE-A4D398A44702}.Release|Any CPU.ActiveCfg = Release|Any CPU
		{C0CF3ACB-DD3F-411E-A3BE-A4D398A44702}.Release|Any CPU.Build.0 = Release|Any CPU
		{F08B0621-B3BB-4BF9-AA1E-6DC085036C7D}.Debug|Any CPU.ActiveCfg = Debug|Any CPU
		{F08B0621-B3BB-4BF9-AA1E-6DC085036C7D}.Debug|Any CPU.Build.0 = Debug|Any CPU
		{F08B0621-B3BB-4BF9-AA1E-6DC085036C7D}.Release|Any CPU.ActiveCfg = Release|Any CPU
		{F08B0621-B3BB-4BF9-AA1E-6DC085036C7D}.Release|Any CPU.Build.0 = Release|Any CPU
		{0B0D653A-809D-437B-8D83-669284D0D685}.Debug|Any CPU.ActiveCfg = Debug|Any CPU
		{0B0D653A-809D-437B-8D83-669284D0D685}.Debug|Any CPU.Build.0 = Debug|Any CPU
		{0B0D653A-809D-437B-8D83-669284D0D685}.Release|Any CPU.ActiveCfg = Release|Any CPU
		{0B0D653A-809D-437B-8D83-669284D0D685}.Release|Any CPU.Build.0 = Release|Any CPU
		{EC1248E4-CC13-4AA9-AB05-5AF97979BB9B}.Debug|Any CPU.ActiveCfg = Debug|Any CPU
		{EC1248E4-CC13-4AA9-AB05-5AF97979BB9B}.Debug|Any CPU.Build.0 = Debug|Any CPU
		{EC1248E4-CC13-4AA9-AB05-5AF97979BB9B}.Release|Any CPU.ActiveCfg = Release|Any CPU
		{EC1248E4-CC13-4AA9-AB05-5AF97979BB9B}.Release|Any CPU.Build.0 = Release|Any CPU
		{12DEB3FB-8A1B-4111-93A9-FF1DB266124C}.Debug|Any CPU.ActiveCfg = Debug|Any CPU
		{12DEB3FB-8A1B-4111-93A9-FF1DB266124C}.Debug|Any CPU.Build.0 = Debug|Any CPU
		{12DEB3FB-8A1B-4111-93A9-FF1DB266124C}.Release|Any CPU.ActiveCfg = Release|Any CPU
		{12DEB3FB-8A1B-4111-93A9-FF1DB266124C}.Release|Any CPU.Build.0 = Release|Any CPU
		{999761BC-0B09-4C79-8522-1C4847A0823B}.Debug|Any CPU.ActiveCfg = Debug|Any CPU
		{999761BC-0B09-4C79-8522-1C4847A0823B}.Debug|Any CPU.Build.0 = Debug|Any CPU
		{999761BC-0B09-4C79-8522-1C4847A0823B}.Release|Any CPU.ActiveCfg = Release|Any CPU
		{999761BC-0B09-4C79-8522-1C4847A0823B}.Release|Any CPU.Build.0 = Release|Any CPU
	EndGlobalSection
	GlobalSection(SolutionProperties) = preSolution
		HideSolutionNode = FALSE
	EndGlobalSection
	GlobalSection(ExtensibilityGlobals) = postSolution
		SolutionGuid = {87F09DBD-C1C6-414C-A013-46D92083A8EC}
	EndGlobalSection
EndGlobal
