
Microsoft Visual Studio Solution File, Format Version 12.00
# Visual Studio Version 16
VisualStudioVersion = 16.0.30717.126
MinimumVisualStudioVersion = 10.0.40219.1
Project("{9A19103F-16F7-4668-BE54-9A1E7A4F7556}") = "Day1", "src\Day1\Day1.csproj", "{C0CF3ACB-DD3F-411E-A3BE-A4D398A44702}"
EndProject
Project("{9A19103F-16F7-4668-BE54-9A1E7A4F7556}") = "Day1.Tests", "src\Day1.Tests\Day1.Tests.csproj", "{F08B0621-B3BB-4BF9-AA1E-6DC085036C7D}"
EndProject
Project("{2150E333-8FDC-42A3-9474-1A3956D46DE8}") = "Solution Items", "Solution Items", "{8D502299-F516-4C54-BCA6-7C843D0D7D09}"
	ProjectSection(SolutionItems) = preProject
		README.md = README.md
	EndProjectSection
EndProject
Project("{9A19103F-16F7-4668-BE54-9A1E7A4F7556}") = "Day2", "src\Day2\Day2.csproj", "{0B0D653A-809D-437B-8D83-669284D0D685}"
EndProject
Project("{9A19103F-16F7-4668-BE54-9A1E7A4F7556}") = "Day3", "src\Day3\Day3.csproj", "{12DEB3FB-8A1B-4111-93A9-FF1DB266124C}"
EndProject
Project("{9A19103F-16F7-4668-BE54-9A1E7A4F7556}") = "Day3.Tests", "src\Day3.Tests\Day3.Tests.csproj", "{999761BC-0B09-4C79-8522-1C4847A0823B}"
EndProject
Project("{9A19103F-16F7-4668-BE54-9A1E7A4F7556}") = "Day2.Tests", "src\Day2.Tests\Day2.Tests.csproj", "{E02EC6BF-06F1-48A8-8F50-ABF8E264F368}"
EndProject
Project("{9A19103F-16F7-4668-BE54-9A1E7A4F7556}") = "Day4", "src\Day4\Day4.csproj", "{D16C4176-176D-4FFF-ABFB-155562DADE10}"
EndProject
Project("{9A19103F-16F7-4668-BE54-9A1E7A4F7556}") = "Day4.Tests", "src\Day4.Tests\Day4.Tests.csproj", "{F9456F00-961A-4512-AD38-F1A69E6E4F68}"
EndProject
Project("{9A19103F-16F7-4668-BE54-9A1E7A4F7556}") = "Day5", "src\Day5\Day5.csproj", "{352213BB-9156-4948-9393-2D8264EB7CF1}"
EndProject
Project("{9A19103F-16F7-4668-BE54-9A1E7A4F7556}") = "Day5.Test", "src\Day5.Test\Day5.Test.csproj", "{5FD67785-A99B-41B6-8733-C68447C84A99}"
EndProject
Project("{FAE04EC0-301F-11D3-BF4B-00C04F79EFBC}") = "Day6", "src\Day6\Day6.csproj", "{813FE2F5-510E-41BE-9253-0296FAB0DD45}"
EndProject
Project("{FAE04EC0-301F-11D3-BF4B-00C04F79EFBC}") = "Day6.Test", "src\Day6.Test\Day6.Test.csproj", "{1CC38275-04BE-4ABD-A3CE-D83BC44F1CCA}"
	ProjectSection(ProjectDependencies) = postProject
		{813FE2F5-510E-41BE-9253-0296FAB0DD45} = {813FE2F5-510E-41BE-9253-0296FAB0DD45}
	EndProjectSection
EndProject
Global
	GlobalSection(SolutionConfigurationPlatforms) = preSolution
		Debug|Any CPU = Debug|Any CPU
		Release|Any CPU = Release|Any CPU
	EndGlobalSection
	GlobalSection(ProjectConfigurationPlatforms) = postSolution
		{C0CF3ACB-DD3F-411E-A3BE-A4D398A44702}.Debug|Any CPU.ActiveCfg = Debug|Any CPU
		{C0CF3ACB-DD3F-411E-A3BE-A4D398A44702}.Debug|Any CPU.Build.0 = Debug|Any CPU
		{C0CF3ACB-DD3F-411E-A3BE-A4D398A44702}.Release|Any CPU.ActiveCfg = Release|Any CPU
		{C0CF3ACB-DD3F-411E-A3BE-A4D398A44702}.Release|Any CPU.Build.0 = Release|Any CPU
		{F08B0621-B3BB-4BF9-AA1E-6DC085036C7D}.Debug|Any CPU.ActiveCfg = Debug|Any CPU
		{F08B0621-B3BB-4BF9-AA1E-6DC085036C7D}.Debug|Any CPU.Build.0 = Debug|Any CPU
		{F08B0621-B3BB-4BF9-AA1E-6DC085036C7D}.Release|Any CPU.ActiveCfg = Release|Any CPU
		{F08B0621-B3BB-4BF9-AA1E-6DC085036C7D}.Release|Any CPU.Build.0 = Release|Any CPU
		{0B0D653A-809D-437B-8D83-669284D0D685}.Debug|Any CPU.ActiveCfg = Debug|Any CPU
		{0B0D653A-809D-437B-8D83-669284D0D685}.Debug|Any CPU.Build.0 = Debug|Any CPU
		{0B0D653A-809D-437B-8D83-669284D0D685}.Release|Any CPU.ActiveCfg = Release|Any CPU
		{0B0D653A-809D-437B-8D83-669284D0D685}.Release|Any CPU.Build.0 = Release|Any CPU
		{12DEB3FB-8A1B-4111-93A9-FF1DB266124C}.Debug|Any CPU.ActiveCfg = Debug|Any CPU
		{12DEB3FB-8A1B-4111-93A9-FF1DB266124C}.Debug|Any CPU.Build.0 = Debug|Any CPU
		{12DEB3FB-8A1B-4111-93A9-FF1DB266124C}.Release|Any CPU.ActiveCfg = Release|Any CPU
		{12DEB3FB-8A1B-4111-93A9-FF1DB266124C}.Release|Any CPU.Build.0 = Release|Any CPU
		{999761BC-0B09-4C79-8522-1C4847A0823B}.Debug|Any CPU.ActiveCfg = Debug|Any CPU
		{999761BC-0B09-4C79-8522-1C4847A0823B}.Debug|Any CPU.Build.0 = Debug|Any CPU
		{999761BC-0B09-4C79-8522-1C4847A0823B}.Release|Any CPU.ActiveCfg = Release|Any CPU
		{999761BC-0B09-4C79-8522-1C4847A0823B}.Release|Any CPU.Build.0 = Release|Any CPU
		{E02EC6BF-06F1-48A8-8F50-ABF8E264F368}.Debug|Any CPU.ActiveCfg = Debug|Any CPU
		{E02EC6BF-06F1-48A8-8F50-ABF8E264F368}.Debug|Any CPU.Build.0 = Debug|Any CPU
		{E02EC6BF-06F1-48A8-8F50-ABF8E264F368}.Release|Any CPU.ActiveCfg = Release|Any CPU
		{E02EC6BF-06F1-48A8-8F50-ABF8E264F368}.Release|Any CPU.Build.0 = Release|Any CPU
		{D16C4176-176D-4FFF-ABFB-155562DADE10}.Debug|Any CPU.ActiveCfg = Debug|Any CPU
		{D16C4176-176D-4FFF-ABFB-155562DADE10}.Debug|Any CPU.Build.0 = Debug|Any CPU
		{D16C4176-176D-4FFF-ABFB-155562DADE10}.Release|Any CPU.ActiveCfg = Release|Any CPU
		{D16C4176-176D-4FFF-ABFB-155562DADE10}.Release|Any CPU.Build.0 = Release|Any CPU
		{F9456F00-961A-4512-AD38-F1A69E6E4F68}.Debug|Any CPU.ActiveCfg = Debug|Any CPU
		{F9456F00-961A-4512-AD38-F1A69E6E4F68}.Debug|Any CPU.Build.0 = Debug|Any CPU
		{F9456F00-961A-4512-AD38-F1A69E6E4F68}.Release|Any CPU.ActiveCfg = Release|Any CPU
		{F9456F00-961A-4512-AD38-F1A69E6E4F68}.Release|Any CPU.Build.0 = Release|Any CPU
		{352213BB-9156-4948-9393-2D8264EB7CF1}.Debug|Any CPU.ActiveCfg = Debug|Any CPU
		{352213BB-9156-4948-9393-2D8264EB7CF1}.Debug|Any CPU.Build.0 = Debug|Any CPU
		{352213BB-9156-4948-9393-2D8264EB7CF1}.Release|Any CPU.ActiveCfg = Release|Any CPU
		{352213BB-9156-4948-9393-2D8264EB7CF1}.Release|Any CPU.Build.0 = Release|Any CPU
		{5FD67785-A99B-41B6-8733-C68447C84A99}.Debug|Any CPU.ActiveCfg = Debug|Any CPU
		{5FD67785-A99B-41B6-8733-C68447C84A99}.Debug|Any CPU.Build.0 = Debug|Any CPU
		{5FD67785-A99B-41B6-8733-C68447C84A99}.Release|Any CPU.ActiveCfg = Release|Any CPU
		{5FD67785-A99B-41B6-8733-C68447C84A99}.Release|Any CPU.Build.0 = Release|Any CPU
		{813FE2F5-510E-41BE-9253-0296FAB0DD45}.Debug|Any CPU.ActiveCfg = Debug|Any CPU
		{813FE2F5-510E-41BE-9253-0296FAB0DD45}.Debug|Any CPU.Build.0 = Debug|Any CPU
		{813FE2F5-510E-41BE-9253-0296FAB0DD45}.Release|Any CPU.ActiveCfg = Release|Any CPU
		{813FE2F5-510E-41BE-9253-0296FAB0DD45}.Release|Any CPU.Build.0 = Release|Any CPU
		{1CC38275-04BE-4ABD-A3CE-D83BC44F1CCA}.Debug|Any CPU.ActiveCfg = Debug|Any CPU
		{1CC38275-04BE-4ABD-A3CE-D83BC44F1CCA}.Debug|Any CPU.Build.0 = Debug|Any CPU
		{1CC38275-04BE-4ABD-A3CE-D83BC44F1CCA}.Release|Any CPU.ActiveCfg = Release|Any CPU
		{1CC38275-04BE-4ABD-A3CE-D83BC44F1CCA}.Release|Any CPU.Build.0 = Release|Any CPU
	EndGlobalSection
	GlobalSection(SolutionProperties) = preSolution
		HideSolutionNode = FALSE
	EndGlobalSection
	GlobalSection(ExtensibilityGlobals) = postSolution
		SolutionGuid = {87F09DBD-C1C6-414C-A013-46D92083A8EC}
	EndGlobalSection
EndGlobal
